{
  "name": "demo-cgx",
  "version": "13.1.0",
  "lockfileVersion": 1,
  "requires": true,
  "dependencies": {
    "sv-alpha": {
      "version": "1.0.0",
      "resolved": "https://registry.npmjs.org/sv-alpha/-/sv-alpha-1.0.0.tgz",
      "integrity": "sha512-o3juBoloMYMDBtkE49+Psikx/PhsGjOki4zRnZt5SpxYm1HOLz/H1uAkQvlDHBHIhgDbc2Xj4Kh545W5Wm+WVg=="
    },
    "sv-beta": {
      "version": "0.5.0",
      "resolved": "https://registry.npmjs.org/sv-beta/-/sv-beta-0.5.0.tgz",
      "integrity": "sha512-tfjiZ6qt2QXTbqsQD9KUV0s4wRPp29t4JNeRL1XDswXU0Z10q0y6uNZHsRURs7my0622ONFIC/ikRJ/IxqyJ4w==",
      "requires": {
        "sv-alpha": "1.1.0"
      },
      "dependencies": {
        "sv-alpha": {
          "version": "1.1.0",
          "resolved": "https://registry.npmjs.org/sv-alpha/-/sv-alpha-1.1.0.tgz",
          "integrity": "sha512-bcLe9/pqbRYnXSXoLYtMCNolOKWJ5verLMe8XREViv+yoP41GyscO83Srv42lvVB0YF9WfCej4FgSE0l/wa/Zg=="
        }
      }
    }
  }
}
