{
  "name": "sv-beta",
  "version": "0.4.0",
  "lockfileVersion": 1,
  "requires": true,
  "dependencies": {
    "sv-alpha": {
      "version": "1.1.0",
      "resolved": "https://registry.npmjs.org/sv-alpha/-/sv-alpha-1.1.0.tgz",
      "integrity": "sha512-bcLe9/pqbRYnXSXoLYtMCNolOKWJ5verLMe8XREViv+yoP41GyscO83Srv42lvVB0YF9WfCej4FgSE0l/wa/Zg=="
    }
  }
}
